// !$*UTF8*$!
{
	archiveVersion = 1;
	classes = {
	};
	objectVersion = 48;
	objects = {

/* Begin PBXBuildFile section */
		15B29F42D26827745249ECA7 /* Pods_tumblrFeed.framework in Frameworks */ = {isa = PBXBuildFile; fileRef = F5F4EE9FE6E18BEAAA681090 /* Pods_tumblrFeed.framework */; };
		6696ED2255BD2DE768FF96F2 /* Pods_tumblrFeedUITests.framework in Frameworks */ = {isa = PBXBuildFile; fileRef = FAF971DB25D1829F09BE6B21 /* Pods_tumblrFeedUITests.framework */; };
		81C323A379746C93F1DE58E9 /* Pods_tumblrFeedTests.framework in Frameworks */ = {isa = PBXBuildFile; fileRef = 960D442660BC516E5E5A21AD /* Pods_tumblrFeedTests.framework */; };
		B823B4E720265DBE006CE3E4 /* PhotosViewController.swift in Sources */ = {isa = PBXBuildFile; fileRef = B823B4E620265DBE006CE3E4 /* PhotosViewController.swift */; };
		B823B4E9202683AE006CE3E4 /* PhotoCell.swift in Sources */ = {isa = PBXBuildFile; fileRef = B823B4E8202683AE006CE3E4 /* PhotoCell.swift */; };
		B87A93E92026543700DDADCC /* AppDelegate.swift in Sources */ = {isa = PBXBuildFile; fileRef = B87A93E82026543700DDADCC /* AppDelegate.swift */; };
		B87A93EE2026543700DDADCC /* Main.storyboard in Resources */ = {isa = PBXBuildFile; fileRef = B87A93EC2026543700DDADCC /* Main.storyboard */; };
		B87A93F02026543700DDADCC /* Assets.xcassets in Resources */ = {isa = PBXBuildFile; fileRef = B87A93EF2026543700DDADCC /* Assets.xcassets */; };
		B87A93F32026543700DDADCC /* LaunchScreen.storyboard in Resources */ = {isa = PBXBuildFile; fileRef = B87A93F12026543700DDADCC /* LaunchScreen.storyboard */; };
		B87A93FE2026543700DDADCC /* tumblrFeedTests.swift in Sources */ = {isa = PBXBuildFile; fileRef = B87A93FD2026543700DDADCC /* tumblrFeedTests.swift */; };
		B87A94092026543700DDADCC /* tumblrFeedUITests.swift in Sources */ = {isa = PBXBuildFile; fileRef = B87A94082026543700DDADCC /* tumblrFeedUITests.swift */; };
/* End PBXBuildFile section */

/* Begin PBXContainerItemProxy section */
		B87A93FA2026543700DDADCC /* PBXContainerItemProxy */ = {
			isa = PBXContainerItemProxy;
			containerPortal = B87A93DD2026543700DDADCC /* Project object */;
			proxyType = 1;
			remoteGlobalIDString = B87A93E42026543700DDADCC;
			remoteInfo = tumblrFeed;
		};
		B87A94052026543700DDADCC /* PBXContainerItemProxy */ = {
			isa = PBXContainerItemProxy;
			containerPortal = B87A93DD2026543700DDADCC /* Project object */;
			proxyType = 1;
			remoteGlobalIDString = B87A93E42026543700DDADCC;
			remoteInfo = tumblrFeed;
		};
/* End PBXContainerItemProxy section */

/* Begin PBXFileReference section */
		1125CDCB58E2BBF29632D359 /* Pods-tumblrFeedUITests.debug.xcconfig */ = {isa = PBXFileReference; includeInIndex = 1; lastKnownFileType = text.xcconfig; name = "Pods-tumblrFeedUITests.debug.xcconfig"; path = "Pods/Target Support Files/Pods-tumblrFeedUITests/Pods-tumblrFeedUITests.debug.xcconfig"; sourceTree = "<group>"; };
		1F4B8EF43C7209EF1E2D1606 /* Pods-tumblrFeedTests.debug.xcconfig */ = {isa = PBXFileReference; includeInIndex = 1; lastKnownFileType = text.xcconfig; name = "Pods-tumblrFeedTests.debug.xcconfig"; path = "Pods/Target Support Files/Pods-tumblrFeedTests/Pods-tumblrFeedTests.debug.xcconfig"; sourceTree = "<group>"; };
		8613275F8CCB7E7A2FA561EC /* Pods-tumblrFeed.debug.xcconfig */ = {isa = PBXFileReference; includeInIndex = 1; lastKnownFileType = text.xcconfig; name = "Pods-tumblrFeed.debug.xcconfig"; path = "Pods/Target Support Files/Pods-tumblrFeed/Pods-tumblrFeed.debug.xcconfig"; sourceTree = "<group>"; };
		960D442660BC516E5E5A21AD /* Pods_tumblrFeedTests.framework */ = {isa = PBXFileReference; explicitFileType = wrapper.framework; includeInIndex = 0; path = Pods_tumblrFeedTests.framework; sourceTree = BUILT_PRODUCTS_DIR; };
		B823B4DB20265CEC006CE3E4 /* tumblrFeed-Bridging-Header.h */ = {isa = PBXFileReference; lastKnownFileType = sourcecode.c.h; path = "tumblrFeed-Bridging-Header.h"; sourceTree = "<group>"; };
		B823B4E620265DBE006CE3E4 /* PhotosViewController.swift */ = {isa = PBXFileReference; lastKnownFileType = sourcecode.swift; path = PhotosViewController.swift; sourceTree = "<group>"; };
		B823B4E8202683AE006CE3E4 /* PhotoCell.swift */ = {isa = PBXFileReference; lastKnownFileType = sourcecode.swift; path = PhotoCell.swift; sourceTree = "<group>"; };
		B87A93E52026543700DDADCC /* tumblrFeed.app */ = {isa = PBXFileReference; explicitFileType = wrapper.application; includeInIndex = 0; path = tumblrFeed.app; sourceTree = BUILT_PRODUCTS_DIR; };
		B87A93E82026543700DDADCC /* AppDelegate.swift */ = {isa = PBXFileReference; lastKnownFileType = sourcecode.swift; path = AppDelegate.swift; sourceTree = "<group>"; };
		B87A93ED2026543700DDADCC /* Base */ = {isa = PBXFileReference; lastKnownFileType = file.storyboard; name = Base; path = Base.lproj/Main.storyboard; sourceTree = "<group>"; };
		B87A93EF2026543700DDADCC /* Assets.xcassets */ = {isa = PBXFileReference; lastKnownFileType = folder.assetcatalog; path = Assets.xcassets; sourceTree = "<group>"; };
		B87A93F22026543700DDADCC /* Base */ = {isa = PBXFileReference; lastKnownFileType = file.storyboard; name = Base; path = Base.lproj/LaunchScreen.storyboard; sourceTree = "<group>"; };
		B87A93F42026543700DDADCC /* Info.plist */ = {isa = PBXFileReference; lastKnownFileType = text.plist.xml; path = Info.plist; sourceTree = "<group>"; };
		B87A93F92026543700DDADCC /* tumblrFeedTests.xctest */ = {isa = PBXFileReference; explicitFileType = wrapper.cfbundle; includeInIndex = 0; path = tumblrFeedTests.xctest; sourceTree = BUILT_PRODUCTS_DIR; };
		B87A93FD2026543700DDADCC /* tumblrFeedTests.swift */ = {isa = PBXFileReference; lastKnownFileType = sourcecode.swift; path = tumblrFeedTests.swift; sourceTree = "<group>"; };
		B87A93FF2026543700DDADCC /* Info.plist */ = {isa = PBXFileReference; lastKnownFileType = text.plist.xml; path = Info.plist; sourceTree = "<group>"; };
		B87A94042026543700DDADCC /* tumblrFeedUITests.xctest */ = {isa = PBXFileReference; explicitFileType = wrapper.cfbundle; includeInIndex = 0; path = tumblrFeedUITests.xctest; sourceTree = BUILT_PRODUCTS_DIR; };
		B87A94082026543700DDADCC /* tumblrFeedUITests.swift */ = {isa = PBXFileReference; lastKnownFileType = sourcecode.swift; path = tumblrFeedUITests.swift; sourceTree = "<group>"; };
		B87A940A2026543700DDADCC /* Info.plist */ = {isa = PBXFileReference; lastKnownFileType = text.plist.xml; path = Info.plist; sourceTree = "<group>"; };
		C4B372FD5A63B4B0CE42124B /* Pods-tumblrFeed.release.xcconfig */ = {isa = PBXFileReference; includeInIndex = 1; lastKnownFileType = text.xcconfig; name = "Pods-tumblrFeed.release.xcconfig"; path = "Pods/Target Support Files/Pods-tumblrFeed/Pods-tumblrFeed.release.xcconfig"; sourceTree = "<group>"; };
		C8077BCB1CE9F425B92D750A /* Pods-tumblrFeedUITests.release.xcconfig */ = {isa = PBXFileReference; includeInIndex = 1; lastKnownFileType = text.xcconfig; name = "Pods-tumblrFeedUITests.release.xcconfig"; path = "Pods/Target Support Files/Pods-tumblrFeedUITests/Pods-tumblrFeedUITests.release.xcconfig"; sourceTree = "<group>"; };
		D62B4939843B3C1A06F96BBA /* Pods-tumblrFeedTests.release.xcconfig */ = {isa = PBXFileReference; includeInIndex = 1; lastKnownFileType = text.xcconfig; name = "Pods-tumblrFeedTests.release.xcconfig"; path = "Pods/Target Support Files/Pods-tumblrFeedTests/Pods-tumblrFeedTests.release.xcconfig"; sourceTree = "<group>"; };
		F5F4EE9FE6E18BEAAA681090 /* Pods_tumblrFeed.framework */ = {isa = PBXFileReference; explicitFileType = wrapper.framework; includeInIndex = 0; path = Pods_tumblrFeed.framework; sourceTree = BUILT_PRODUCTS_DIR; };
		FAF971DB25D1829F09BE6B21 /* Pods_tumblrFeedUITests.framework */ = {isa = PBXFileReference; explicitFileType = wrapper.framework; includeInIndex = 0; path = Pods_tumblrFeedUITests.framework; sourceTree = BUILT_PRODUCTS_DIR; };
/* End PBXFileReference section */

/* Begin PBXFrameworksBuildPhase section */
		B87A93E22026543700DDADCC /* Frameworks */ = {
			isa = PBXFrameworksBuildPhase;
			buildActionMask = 2147483647;
			files = (
				15B29F42D26827745249ECA7 /* Pods_tumblrFeed.framework in Frameworks */,
			);
			runOnlyForDeploymentPostprocessing = 0;
		};
		B87A93F62026543700DDADCC /* Frameworks */ = {
			isa = PBXFrameworksBuildPhase;
			buildActionMask = 2147483647;
			files = (
				81C323A379746C93F1DE58E9 /* Pods_tumblrFeedTests.framework in Frameworks */,
			);
			runOnlyForDeploymentPostprocessing = 0;
		};
		B87A94012026543700DDADCC /* Frameworks */ = {
			isa = PBXFrameworksBuildPhase;
			buildActionMask = 2147483647;
			files = (
				6696ED2255BD2DE768FF96F2 /* Pods_tumblrFeedUITests.framework in Frameworks */,
			);
			runOnlyForDeploymentPostprocessing = 0;
		};
/* End PBXFrameworksBuildPhase section */

/* Begin PBXGroup section */
		653708084D81B6E4E7F916E3 /* Frameworks */ = {
			isa = PBXGroup;
			children = (
				F5F4EE9FE6E18BEAAA681090 /* Pods_tumblrFeed.framework */,
				960D442660BC516E5E5A21AD /* Pods_tumblrFeedTests.framework */,
				FAF971DB25D1829F09BE6B21 /* Pods_tumblrFeedUITests.framework */,
			);
			name = Frameworks;
			sourceTree = "<group>";
		};
		B87A93DC2026543700DDADCC = {
			isa = PBXGroup;
			children = (
				B87A93E72026543700DDADCC /* tumblrFeed */,
				B87A93FC2026543700DDADCC /* tumblrFeedTests */,
				B87A94072026543700DDADCC /* tumblrFeedUITests */,
				B87A93E62026543700DDADCC /* Products */,
				E2EDB5235F120DEB9E0A0286 /* Pods */,
				653708084D81B6E4E7F916E3 /* Frameworks */,
			);
			sourceTree = "<group>";
		};
		B87A93E62026543700DDADCC /* Products */ = {
			isa = PBXGroup;
			children = (
				B87A93E52026543700DDADCC /* tumblrFeed.app */,
				B87A93F92026543700DDADCC /* tumblrFeedTests.xctest */,
				B87A94042026543700DDADCC /* tumblrFeedUITests.xctest */,
			);
			name = Products;
			sourceTree = "<group>";
		};
		B87A93E72026543700DDADCC /* tumblrFeed */ = {
			isa = PBXGroup;
			children = (
				B823B4E620265DBE006CE3E4 /* PhotosViewController.swift */,
				B87A93E82026543700DDADCC /* AppDelegate.swift */,
				B87A93EC2026543700DDADCC /* Main.storyboard */,
				B87A93EF2026543700DDADCC /* Assets.xcassets */,
				B87A93F12026543700DDADCC /* LaunchScreen.storyboard */,
				B87A93F42026543700DDADCC /* Info.plist */,
				B823B4DB20265CEC006CE3E4 /* tumblrFeed-Bridging-Header.h */,
				B823B4E8202683AE006CE3E4 /* PhotoCell.swift */,
			);
			path = tumblrFeed;
			sourceTree = "<group>";
		};
		B87A93FC2026543700DDADCC /* tumblrFeedTests */ = {
			isa = PBXGroup;
			children = (
				B87A93FD2026543700DDADCC /* tumblrFeedTests.swift */,
				B87A93FF2026543700DDADCC /* Info.plist */,
			);
			path = tumblrFeedTests;
			sourceTree = "<group>";
		};
		B87A94072026543700DDADCC /* tumblrFeedUITests */ = {
			isa = PBXGroup;
			children = (
				B87A94082026543700DDADCC /* tumblrFeedUITests.swift */,
				B87A940A2026543700DDADCC /* Info.plist */,
			);
			path = tumblrFeedUITests;
			sourceTree = "<group>";
		};
		E2EDB5235F120DEB9E0A0286 /* Pods */ = {
			isa = PBXGroup;
			children = (
				8613275F8CCB7E7A2FA561EC /* Pods-tumblrFeed.debug.xcconfig */,
				C4B372FD5A63B4B0CE42124B /* Pods-tumblrFeed.release.xcconfig */,
				1F4B8EF43C7209EF1E2D1606 /* Pods-tumblrFeedTests.debug.xcconfig */,
				D62B4939843B3C1A06F96BBA /* Pods-tumblrFeedTests.release.xcconfig */,
				1125CDCB58E2BBF29632D359 /* Pods-tumblrFeedUITests.debug.xcconfig */,
				C8077BCB1CE9F425B92D750A /* Pods-tumblrFeedUITests.release.xcconfig */,
			);
			name = Pods;
			sourceTree = "<group>";
		};
/* End PBXGroup section */

/* Begin PBXNativeTarget section */
		B87A93E42026543700DDADCC /* tumblrFeed */ = {
			isa = PBXNativeTarget;
			buildConfigurationList = B87A940D2026543700DDADCC /* Build configuration list for PBXNativeTarget "tumblrFeed" */;
			buildPhases = (
				ACF526FDEF1EC6FA3FB29EDD /* [CP] Check Pods Manifest.lock */,
				B87A93E12026543700DDADCC /* Sources */,
				B87A93E22026543700DDADCC /* Frameworks */,
				B87A93E32026543700DDADCC /* Resources */,
				F0789360401585AE5D264556 /* [CP] Embed Pods Frameworks */,
				15CBE9F36128BEA015F53391 /* [CP] Copy Pods Resources */,
			);
			buildRules = (
			);
			dependencies = (
			);
			name = tumblrFeed;
			productName = tumblrFeed;
			productReference = B87A93E52026543700DDADCC /* tumblrFeed.app */;
			productType = "com.apple.product-type.application";
		};
		B87A93F82026543700DDADCC /* tumblrFeedTests */ = {
			isa = PBXNativeTarget;
			buildConfigurationList = B87A94102026543700DDADCC /* Build configuration list for PBXNativeTarget "tumblrFeedTests" */;
			buildPhases = (
				66AA9E8E754A5992C07B9027 /* [CP] Check Pods Manifest.lock */,
				B87A93F52026543700DDADCC /* Sources */,
				B87A93F62026543700DDADCC /* Frameworks */,
				B87A93F72026543700DDADCC /* Resources */,
				8D4BD942826F741829E1F66F /* [CP] Embed Pods Frameworks */,
				170520303BD55B9322FDE923 /* [CP] Copy Pods Resources */,
			);
			buildRules = (
			);
			dependencies = (
				B87A93FB2026543700DDADCC /* PBXTargetDependency */,
			);
			name = tumblrFeedTests;
			productName = tumblrFeedTests;
			productReference = B87A93F92026543700DDADCC /* tumblrFeedTests.xctest */;
			productType = "com.apple.product-type.bundle.unit-test";
		};
		B87A94032026543700DDADCC /* tumblrFeedUITests */ = {
			isa = PBXNativeTarget;
			buildConfigurationList = B87A94132026543700DDADCC /* Build configuration list for PBXNativeTarget "tumblrFeedUITests" */;
			buildPhases = (
				25588823AA360537FFF77E45 /* [CP] Check Pods Manifest.lock */,
				B87A94002026543700DDADCC /* Sources */,
				B87A94012026543700DDADCC /* Frameworks */,
				B87A94022026543700DDADCC /* Resources */,
				A7CDA6536AC6A15065A56394 /* [CP] Embed Pods Frameworks */,
				199F5E8846076492372527F9 /* [CP] Copy Pods Resources */,
			);
			buildRules = (
			);
			dependencies = (
				B87A94062026543700DDADCC /* PBXTargetDependency */,
			);
			name = tumblrFeedUITests;
			productName = tumblrFeedUITests;
			productReference = B87A94042026543700DDADCC /* tumblrFeedUITests.xctest */;
			productType = "com.apple.product-type.bundle.ui-testing";
		};
/* End PBXNativeTarget section */

/* Begin PBXProject section */
		B87A93DD2026543700DDADCC /* Project object */ = {
			isa = PBXProject;
			attributes = {
				LastSwiftUpdateCheck = 0920;
				LastUpgradeCheck = 0920;
				ORGANIZATIONNAME = "Nancy Gomez";
				TargetAttributes = {
					B87A93E42026543700DDADCC = {
						CreatedOnToolsVersion = 9.2;
						LastSwiftMigration = 0920;
						ProvisioningStyle = Automatic;
					};
					B87A93F82026543700DDADCC = {
						CreatedOnToolsVersion = 9.2;
						ProvisioningStyle = Automatic;
						TestTargetID = B87A93E42026543700DDADCC;
					};
					B87A94032026543700DDADCC = {
						CreatedOnToolsVersion = 9.2;
						ProvisioningStyle = Automatic;
						TestTargetID = B87A93E42026543700DDADCC;
					};
				};
			};
			buildConfigurationList = B87A93E02026543700DDADCC /* Build configuration list for PBXProject "tumblrFeed" */;
			compatibilityVersion = "Xcode 8.0";
			developmentRegion = en;
			hasScannedForEncodings = 0;
			knownRegions = (
				en,
				Base,
			);
			mainGroup = B87A93DC2026543700DDADCC;
			productRefGroup = B87A93E62026543700DDADCC /* Products */;
			projectDirPath = "";
			projectRoot = "";
			targets = (
				B87A93E42026543700DDADCC /* tumblrFeed */,
				B87A93F82026543700DDADCC /* tumblrFeedTests */,
				B87A94032026543700DDADCC /* tumblrFeedUITests */,
			);
		};
/* End PBXProject section */

/* Begin PBXResourcesBuildPhase section */
		B87A93E32026543700DDADCC /* Resources */ = {
			isa = PBXResourcesBuildPhase;
			buildActionMask = 2147483647;
			files = (
				B87A93F32026543700DDADCC /* LaunchScreen.storyboard in Resources */,
				B87A93F02026543700DDADCC /* Assets.xcassets in Resources */,
				B87A93EE2026543700DDADCC /* Main.storyboard in Resources */,
			);
			runOnlyForDeploymentPostprocessing = 0;
		};
		B87A93F72026543700DDADCC /* Resources */ = {
			isa = PBXResourcesBuildPhase;
			buildActionMask = 2147483647;
			files = (
			);
			runOnlyForDeploymentPostprocessing = 0;
		};
		B87A94022026543700DDADCC /* Resources */ = {
			isa = PBXResourcesBuildPhase;
			buildActionMask = 2147483647;
			files = (
			);
			runOnlyForDeploymentPostprocessing = 0;
		};
/* End PBXResourcesBuildPhase section */

/* Begin PBXShellScriptBuildPhase section */
		15CBE9F36128BEA015F53391 /* [CP] Copy Pods Resources */ = {
			isa = PBXShellScriptBuildPhase;
			buildActionMask = 2147483647;
			files = (
			);
			inputPaths = (
			);
			name = "[CP] Copy Pods Resources";
			outputPaths = (
			);
			runOnlyForDeploymentPostprocessing = 0;
			shellPath = /bin/sh;
			shellScript = "\"${SRCROOT}/Pods/Target Support Files/Pods-tumblrFeed/Pods-tumblrFeed-resources.sh\"\n";
			showEnvVarsInLog = 0;
		};
		170520303BD55B9322FDE923 /* [CP] Copy Pods Resources */ = {
			isa = PBXShellScriptBuildPhase;
			buildActionMask = 2147483647;
			files = (
			);
			inputPaths = (
			);
			name = "[CP] Copy Pods Resources";
			outputPaths = (
			);
			runOnlyForDeploymentPostprocessing = 0;
			shellPath = /bin/sh;
			shellScript = "\"${SRCROOT}/Pods/Target Support Files/Pods-tumblrFeedTests/Pods-tumblrFeedTests-resources.sh\"\n";
			showEnvVarsInLog = 0;
		};
		199F5E8846076492372527F9 /* [CP] Copy Pods Resources */ = {
			isa = PBXShellScriptBuildPhase;
			buildActionMask = 2147483647;
			files = (
			);
			inputPaths = (
			);
			name = "[CP] Copy Pods Resources";
			outputPaths = (
			);
			runOnlyForDeploymentPostprocessing = 0;
			shellPath = /bin/sh;
			shellScript = "\"${SRCROOT}/Pods/Target Support Files/Pods-tumblrFeedUITests/Pods-tumblrFeedUITests-resources.sh\"\n";
			showEnvVarsInLog = 0;
		};
		25588823AA360537FFF77E45 /* [CP] Check Pods Manifest.lock */ = {
			isa = PBXShellScriptBuildPhase;
			buildActionMask = 2147483647;
			files = (
			);
			inputPaths = (
				"${PODS_PODFILE_DIR_PATH}/Podfile.lock",
				"${PODS_ROOT}/Manifest.lock",
			);
			name = "[CP] Check Pods Manifest.lock";
			outputPaths = (
				"$(DERIVED_FILE_DIR)/Pods-tumblrFeedUITests-checkManifestLockResult.txt",
			);
			runOnlyForDeploymentPostprocessing = 0;
			shellPath = /bin/sh;
			shellScript = "diff \"${PODS_PODFILE_DIR_PATH}/Podfile.lock\" \"${PODS_ROOT}/Manifest.lock\" > /dev/null\nif [ $? != 0 ] ; then\n    # print error to STDERR\n    echo \"error: The sandbox is not in sync with the Podfile.lock. Run 'pod install' or update your CocoaPods installation.\" >&2\n    exit 1\nfi\n# This output is used by Xcode 'outputs' to avoid re-running this script phase.\necho \"SUCCESS\" > \"${SCRIPT_OUTPUT_FILE_0}\"\n";
			showEnvVarsInLog = 0;
		};
		66AA9E8E754A5992C07B9027 /* [CP] Check Pods Manifest.lock */ = {
			isa = PBXShellScriptBuildPhase;
			buildActionMask = 2147483647;
			files = (
			);
			inputPaths = (
				"${PODS_PODFILE_DIR_PATH}/Podfile.lock",
				"${PODS_ROOT}/Manifest.lock",
			);
			name = "[CP] Check Pods Manifest.lock";
			outputPaths = (
				"$(DERIVED_FILE_DIR)/Pods-tumblrFeedTests-checkManifestLockResult.txt",
			);
			runOnlyForDeploymentPostprocessing = 0;
			shellPath = /bin/sh;
			shellScript = "diff \"${PODS_PODFILE_DIR_PATH}/Podfile.lock\" \"${PODS_ROOT}/Manifest.lock\" > /dev/null\nif [ $? != 0 ] ; then\n    # print error to STDERR\n    echo \"error: The sandbox is not in sync with the Podfile.lock. Run 'pod install' or update your CocoaPods installation.\" >&2\n    exit 1\nfi\n# This output is used by Xcode 'outputs' to avoid re-running this script phase.\necho \"SUCCESS\" > \"${SCRIPT_OUTPUT_FILE_0}\"\n";
			showEnvVarsInLog = 0;
		};
		8D4BD942826F741829E1F66F /* [CP] Embed Pods Frameworks */ = {
			isa = PBXShellScriptBuildPhase;
			buildActionMask = 2147483647;
			files = (
			);
			inputPaths = (
			);
			name = "[CP] Embed Pods Frameworks";
			outputPaths = (
			);
			runOnlyForDeploymentPostprocessing = 0;
			shellPath = /bin/sh;
			shellScript = "\"${SRCROOT}/Pods/Target Support Files/Pods-tumblrFeedTests/Pods-tumblrFeedTests-frameworks.sh\"\n";
			showEnvVarsInLog = 0;
		};
		A7CDA6536AC6A15065A56394 /* [CP] Embed Pods Frameworks */ = {
			isa = PBXShellScriptBuildPhase;
			buildActionMask = 2147483647;
			files = (
			);
			inputPaths = (
			);
			name = "[CP] Embed Pods Frameworks";
			outputPaths = (
			);
			runOnlyForDeploymentPostprocessing = 0;
			shellPath = /bin/sh;
			shellScript = "\"${SRCROOT}/Pods/Target Support Files/Pods-tumblrFeedUITests/Pods-tumblrFeedUITests-frameworks.sh\"\n";
			showEnvVarsInLog = 0;
		};
		ACF526FDEF1EC6FA3FB29EDD /* [CP] Check Pods Manifest.lock */ = {
			isa = PBXShellScriptBuildPhase;
			buildActionMask = 2147483647;
			files = (
			);
			inputPaths = (
				"${PODS_PODFILE_DIR_PATH}/Podfile.lock",
				"${PODS_ROOT}/Manifest.lock",
			);
			name = "[CP] Check Pods Manifest.lock";
			outputPaths = (
				"$(DERIVED_FILE_DIR)/Pods-tumblrFeed-checkManifestLockResult.txt",
			);
			runOnlyForDeploymentPostprocessing = 0;
			shellPath = /bin/sh;
			shellScript = "diff \"${PODS_PODFILE_DIR_PATH}/Podfile.lock\" \"${PODS_ROOT}/Manifest.lock\" > /dev/null\nif [ $? != 0 ] ; then\n    # print error to STDERR\n    echo \"error: The sandbox is not in sync with the Podfile.lock. Run 'pod install' or update your CocoaPods installation.\" >&2\n    exit 1\nfi\n# This output is used by Xcode 'outputs' to avoid re-running this script phase.\necho \"SUCCESS\" > \"${SCRIPT_OUTPUT_FILE_0}\"\n";
			showEnvVarsInLog = 0;
		};
		F0789360401585AE5D264556 /* [CP] Embed Pods Frameworks */ = {
			isa = PBXShellScriptBuildPhase;
			buildActionMask = 2147483647;
			files = (
			);
			inputPaths = (
				"${SRCROOT}/Pods/Target Support Files/Pods-tumblrFeed/Pods-tumblrFeed-frameworks.sh",
				"${BUILT_PRODUCTS_DIR}/Alamofire/Alamofire.framework",
				"${BUILT_PRODUCTS_DIR}/AlamofireImage/AlamofireImage.framework",
			);
			name = "[CP] Embed Pods Frameworks";
			outputPaths = (
				"${TARGET_BUILD_DIR}/${FRAMEWORKS_FOLDER_PATH}/Alamofire.framework",
				"${TARGET_BUILD_DIR}/${FRAMEWORKS_FOLDER_PATH}/AlamofireImage.framework",
			);
			runOnlyForDeploymentPostprocessing = 0;
			shellPath = /bin/sh;
			shellScript = "\"${SRCROOT}/Pods/Target Support Files/Pods-tumblrFeed/Pods-tumblrFeed-frameworks.sh\"\n";
			showEnvVarsInLog = 0;
		};
/* End PBXShellScriptBuildPhase section */

/* Begin PBXSourcesBuildPhase section */
		B87A93E12026543700DDADCC /* Sources */ = {
			isa = PBXSourcesBuildPhase;
			buildActionMask = 2147483647;
			files = (
				B87A93E92026543700DDADCC /* AppDelegate.swift in Sources */,
				B823B4E9202683AE006CE3E4 /* PhotoCell.swift in Sources */,
				B823B4E720265DBE006CE3E4 /* PhotosViewController.swift in Sources */,
			);
			runOnlyForDeploymentPostprocessing = 0;
		};
		B87A93F52026543700DDADCC /* Sources */ = {
			isa = PBXSourcesBuildPhase;
			buildActionMask = 2147483647;
			files = (
				B87A93FE2026543700DDADCC /* tumblrFeedTests.swift in Sources */,
			);
			runOnlyForDeploymentPostprocessing = 0;
		};
		B87A94002026543700DDADCC /* Sources */ = {
			isa = PBXSourcesBuildPhase;
			buildActionMask = 2147483647;
			files = (
				B87A94092026543700DDADCC /* tumblrFeedUITests.swift in Sources */,
			);
			runOnlyForDeploymentPostprocessing = 0;
		};
/* End PBXSourcesBuildPhase section */

/* Begin PBXTargetDependency section */
		B87A93FB2026543700DDADCC /* PBXTargetDependency */ = {
			isa = PBXTargetDependency;
			target = B87A93E42026543700DDADCC /* tumblrFeed */;
			targetProxy = B87A93FA2026543700DDADCC /* PBXContainerItemProxy */;
		};
		B87A94062026543700DDADCC /* PBXTargetDependency */ = {
			isa = PBXTargetDependency;
			target = B87A93E42026543700DDADCC /* tumblrFeed */;
			targetProxy = B87A94052026543700DDADCC /* PBXContainerItemProxy */;
		};
/* End PBXTargetDependency section */

/* Begin PBXVariantGroup section */
		B87A93EC2026543700DDADCC /* Main.storyboard */ = {
			isa = PBXVariantGroup;
			children = (
				B87A93ED2026543700DDADCC /* Base */,
			);
			name = Main.storyboard;
			sourceTree = "<group>";
		};
		B87A93F12026543700DDADCC /* LaunchScreen.storyboard */ = {
			isa = PBXVariantGroup;
			children = (
				B87A93F22026543700DDADCC /* Base */,
			);
			name = LaunchScreen.storyboard;
			sourceTree = "<group>";
		};
/* End PBXVariantGroup section */

/* Begin XCBuildConfiguration section */
		B87A940B2026543700DDADCC /* Debug */ = {
			isa = XCBuildConfiguration;
			buildSettings = {
				ALWAYS_SEARCH_USER_PATHS = NO;
				CLANG_ANALYZER_NONNULL = YES;
				CLANG_ANALYZER_NUMBER_OBJECT_CONVERSION = YES_AGGRESSIVE;
				CLANG_CXX_LANGUAGE_STANDARD = "gnu++14";
				CLANG_CXX_LIBRARY = "libc++";
				CLANG_ENABLE_MODULES = YES;
				CLANG_ENABLE_OBJC_ARC = YES;
				CLANG_WARN_BLOCK_CAPTURE_AUTORELEASING = YES;
				CLANG_WARN_BOOL_CONVERSION = YES;
				CLANG_WARN_COMMA = YES;
				CLANG_WARN_CONSTANT_CONVERSION = YES;
				CLANG_WARN_DIRECT_OBJC_ISA_USAGE = YES_ERROR;
				CLANG_WARN_DOCUMENTATION_COMMENTS = YES;
				CLANG_WARN_EMPTY_BODY = YES;
				CLANG_WARN_ENUM_CONVERSION = YES;
				CLANG_WARN_INFINITE_RECURSION = YES;
				CLANG_WARN_INT_CONVERSION = YES;
				CLANG_WARN_NON_LITERAL_NULL_CONVERSION = YES;
				CLANG_WARN_OBJC_LITERAL_CONVERSION = YES;
				CLANG_WARN_OBJC_ROOT_CLASS = YES_ERROR;
				CLANG_WARN_RANGE_LOOP_ANALYSIS = YES;
				CLANG_WARN_STRICT_PROTOTYPES = YES;
				CLANG_WARN_SUSPICIOUS_MOVE = YES;
				CLANG_WARN_UNGUARDED_AVAILABILITY = YES_AGGRESSIVE;
				CLANG_WARN_UNREACHABLE_CODE = YES;
				CLANG_WARN__DUPLICATE_METHOD_MATCH = YES;
				CODE_SIGN_IDENTITY = "iPhone Developer";
				COPY_PHASE_STRIP = NO;
				DEBUG_INFORMATION_FORMAT = dwarf;
				ENABLE_STRICT_OBJC_MSGSEND = YES;
				ENABLE_TESTABILITY = YES;
				GCC_C_LANGUAGE_STANDARD = gnu11;
				GCC_DYNAMIC_NO_PIC = NO;
				GCC_NO_COMMON_BLOCKS = YES;
				GCC_OPTIMIZATION_LEVEL = 0;
				GCC_PREPROCESSOR_DEFINITIONS = (
					"DEBUG=1",
					"$(inherited)",
				);
				GCC_WARN_64_TO_32_BIT_CONVERSION = YES;
				GCC_WARN_ABOUT_RETURN_TYPE = YES_ERROR;
				GCC_WARN_UNDECLARED_SELECTOR = YES;
				GCC_WARN_UNINITIALIZED_AUTOS = YES_AGGRESSIVE;
				GCC_WARN_UNUSED_FUNCTION = YES;
				GCC_WARN_UNUSED_VARIABLE = YES;
				IPHONEOS_DEPLOYMENT_TARGET = 11.2;
				MTL_ENABLE_DEBUG_INFO = YES;
				ONLY_ACTIVE_ARCH = YES;
				SDKROOT = iphoneos;
				SWIFT_ACTIVE_COMPILATION_CONDITIONS = DEBUG;
				SWIFT_OPTIMIZATION_LEVEL = "-Onone";
			};
			name = Debug;
		};
		B87A940C2026543700DDADCC /* Release */ = {
			isa = XCBuildConfiguration;
			buildSettings = {
				ALWAYS_SEARCH_USER_PATHS = NO;
				CLANG_ANALYZER_NONNULL = YES;
				CLANG_ANALYZER_NUMBER_OBJECT_CONVERSION = YES_AGGRESSIVE;
				CLANG_CXX_LANGUAGE_STANDARD = "gnu++14";
				CLANG_CXX_LIBRARY = "libc++";
				CLANG_ENABLE_MODULES = YES;
				CLANG_ENABLE_OBJC_ARC = YES;
				CLANG_WARN_BLOCK_CAPTURE_AUTORELEASING = YES;
				CLANG_WARN_BOOL_CONVERSION = YES;
				CLANG_WARN_COMMA = YES;
				CLANG_WARN_CONSTANT_CONVERSION = YES;
				CLANG_WARN_DIRECT_OBJC_ISA_USAGE = YES_ERROR;
				CLANG_WARN_DOCUMENTATION_COMMENTS = YES;
				CLANG_WARN_EMPTY_BODY = YES;
				CLANG_WARN_ENUM_CONVERSION = YES;
				CLANG_WARN_INFINITE_RECURSION = YES;
				CLANG_WARN_INT_CONVERSION = YES;
				CLANG_WARN_NON_LITERAL_NULL_CONVERSION = YES;
				CLANG_WARN_OBJC_LITERAL_CONVERSION = YES;
				CLANG_WARN_OBJC_ROOT_CLASS = YES_ERROR;
				CLANG_WARN_RANGE_LOOP_ANALYSIS = YES;
				CLANG_WARN_STRICT_PROTOTYPES = YES;
				CLANG_WARN_SUSPICIOUS_MOVE = YES;
				CLANG_WARN_UNGUARDED_AVAILABILITY = YES_AGGRESSIVE;
				CLANG_WARN_UNREACHABLE_CODE = YES;
				CLANG_WARN__DUPLICATE_METHOD_MATCH = YES;
				CODE_SIGN_IDENTITY = "iPhone Developer";
				COPY_PHASE_STRIP = NO;
				DEBUG_INFORMATION_FORMAT = "dwarf-with-dsym";
				ENABLE_NS_ASSERTIONS = NO;
				ENABLE_STRICT_OBJC_MSGSEND = YES;
				GCC_C_LANGUAGE_STANDARD = gnu11;
				GCC_NO_COMMON_BLOCKS = YES;
				GCC_WARN_64_TO_32_BIT_CONVERSION = YES;
				GCC_WARN_ABOUT_RETURN_TYPE = YES_ERROR;
				GCC_WARN_UNDECLARED_SELECTOR = YES;
				GCC_WARN_UNINITIALIZED_AUTOS = YES_AGGRESSIVE;
				GCC_WARN_UNUSED_FUNCTION = YES;
				GCC_WARN_UNUSED_VARIABLE = YES;
				IPHONEOS_DEPLOYMENT_TARGET = 11.2;
				MTL_ENABLE_DEBUG_INFO = NO;
				SDKROOT = iphoneos;
				SWIFT_OPTIMIZATION_LEVEL = "-Owholemodule";
				VALIDATE_PRODUCT = YES;
			};
			name = Release;
		};
		B87A940E2026543700DDADCC /* Debug */ = {
			isa = XCBuildConfiguration;
			baseConfigurationReference = 8613275F8CCB7E7A2FA561EC /* Pods-tumblrFeed.debug.xcconfig */;
			buildSettings = {
				ASSETCATALOG_COMPILER_APPICON_NAME = AppIcon;
				CLANG_ENABLE_MODULES = YES;
				CODE_SIGN_STYLE = Automatic;
				INFOPLIST_FILE = tumblrFeed/Info.plist;
				LD_RUNPATH_SEARCH_PATHS = "$(inherited) @executable_path/Frameworks";
				PRODUCT_BUNDLE_IDENTIFIER = com.csumb.tumblrFeed;
				PRODUCT_NAME = "$(TARGET_NAME)";
				SWIFT_OBJC_BRIDGING_HEADER = "tumblrFeed/tumblrFeed-Bridging-Header.h";
				SWIFT_OPTIMIZATION_LEVEL = "-Onone";
				SWIFT_VERSION = 4.0;
				TARGETED_DEVICE_FAMILY = "1,2";
			};
			name = Debug;
		};
		B87A940F2026543700DDADCC /* Release */ = {
			isa = XCBuildConfiguration;
			baseConfigurationReference = C4B372FD5A63B4B0CE42124B /* Pods-tumblrFeed.release.xcconfig */;
			buildSettings = {
				ASSETCATALOG_COMPILER_APPICON_NAME = AppIcon;
				CLANG_ENABLE_MODULES = YES;
				CODE_SIGN_STYLE = Automatic;
				INFOPLIST_FILE = tumblrFeed/Info.plist;
				LD_RUNPATH_SEARCH_PATHS = "$(inherited) @executable_path/Frameworks";
				PRODUCT_BUNDLE_IDENTIFIER = com.csumb.tumblrFeed;
				PRODUCT_NAME = "$(TARGET_NAME)";
				SWIFT_OBJC_BRIDGING_HEADER = "tumblrFeed/tumblrFeed-Bridging-Header.h";
				SWIFT_VERSION = 4.0;
				TARGETED_DEVICE_FAMILY = "1,2";
			};
			name = Release;
		};
		B87A94112026543700DDADCC /* Debug */ = {
			isa = XCBuildConfiguration;
			baseConfigurationReference = 1F4B8EF43C7209EF1E2D1606 /* Pods-tumblrFeedTests.debug.xcconfig */;
			buildSettings = {
				ALWAYS_EMBED_SWIFT_STANDARD_LIBRARIES = YES;
				BUNDLE_LOADER = "$(TEST_HOST)";
				CODE_SIGN_STYLE = Automatic;
				INFOPLIST_FILE = tumblrFeedTests/Info.plist;
				LD_RUNPATH_SEARCH_PATHS = "$(inherited) @executable_path/Frameworks @loader_path/Frameworks";
				PRODUCT_BUNDLE_IDENTIFIER = com.csumb.tumblrFeedTests;
				PRODUCT_NAME = "$(TARGET_NAME)";
				SWIFT_VERSION = 4.0;
				TARGETED_DEVICE_FAMILY = "1,2";
				TEST_HOST = "$(BUILT_PRODUCTS_DIR)/tumblrFeed.app/tumblrFeed";
			};
			name = Debug;
		};
		B87A94122026543700DDADCC /* Release */ = {
			isa = XCBuildConfiguration;
			baseConfigurationReference = D62B4939843B3C1A06F96BBA /* Pods-tumblrFeedTests.release.xcconfig */;
			buildSettings = {
				ALWAYS_EMBED_SWIFT_STANDARD_LIBRARIES = YES;
				BUNDLE_LOADER = "$(TEST_HOST)";
				CODE_SIGN_STYLE = Automatic;
				INFOPLIST_FILE = tumblrFeedTests/Info.plist;
				LD_RUNPATH_SEARCH_PATHS = "$(inherited) @executable_path/Frameworks @loader_path/Frameworks";
				PRODUCT_BUNDLE_IDENTIFIER = com.csumb.tumblrFeedTests;
				PRODUCT_NAME = "$(TARGET_NAME)";
				SWIFT_VERSION = 4.0;
				TARGETED_DEVICE_FAMILY = "1,2";
				TEST_HOST = "$(BUILT_PRODUCTS_DIR)/tumblrFeed.app/tumblrFeed";
			};
			name = Release;
		};
		B87A94142026543700DDADCC /* Debug */ = {
			isa = XCBuildConfiguration;
			baseConfigurationReference = 1125CDCB58E2BBF29632D359 /* Pods-tumblrFeedUITests.debug.xcconfig */;
			buildSettings = {
				ALWAYS_EMBED_SWIFT_STANDARD_LIBRARIES = YES;
				CODE_SIGN_STYLE = Automatic;
				INFOPLIST_FILE = tumblrFeedUITests/Info.plist;
				LD_RUNPATH_SEARCH_PATHS = "$(inherited) @executable_path/Frameworks @loader_path/Frameworks";
				PRODUCT_BUNDLE_IDENTIFIER = com.csumb.tumblrFeedUITests;
				PRODUCT_NAME = "$(TARGET_NAME)";
				SWIFT_VERSION = 4.0;
				TARGETED_DEVICE_FAMILY = "1,2";
				TEST_TARGET_NAME = tumblrFeed;
			};
			name = Debug;
		};
		B87A94152026543700DDADCC /* Release */ = {
			isa = XCBuildConfiguration;
			baseConfigurationReference = C8077BCB1CE9F425B92D750A /* Pods-tumblrFeedUITests.release.xcconfig */;
			buildSettings = {
				ALWAYS_EMBED_SWIFT_STANDARD_LIBRARIES = YES;
				CODE_SIGN_STYLE = Automatic;
				INFOPLIST_FILE = tumblrFeedUITests/Info.plist;
				LD_RUNPATH_SEARCH_PATHS = "$(inherited) @executable_path/Frameworks @loader_path/Frameworks";
				PRODUCT_BUNDLE_IDENTIFIER = com.csumb.tumblrFeedUITests;
				PRODUCT_NAME = "$(TARGET_NAME)";
				SWIFT_VERSION = 4.0;
				TARGETED_DEVICE_FAMILY = "1,2";
				TEST_TARGET_NAME = tumblrFeed;
			};
			name = Release;
		};
/* End XCBuildConfiguration section */

/* Begin XCConfigurationList section */
		B87A93E02026543700DDADCC /* Build configuration list for PBXProject "tumblrFeed" */ = {
			isa = XCConfigurationList;
			buildConfigurations = (
				B87A940B2026543700DDADCC /* Debug */,
				B87A940C2026543700DDADCC /* Release */,
			);
			defaultConfigurationIsVisible = 0;
			defaultConfigurationName = Release;
		};
		B87A940D2026543700DDADCC /* Build configuration list for PBXNativeTarget "tumblrFeed" */ = {
			isa = XCConfigurationList;
			buildConfigurations = (
				B87A940E2026543700DDADCC /* Debug */,
				B87A940F2026543700DDADCC /* Release */,
			);
			defaultConfigurationIsVisible = 0;
			defaultConfigurationName = Release;
		};
		B87A94102026543700DDADCC /* Build configuration list for PBXNativeTarget "tumblrFeedTests" */ = {
			isa = XCConfigurationList;
			buildConfigurations = (
				B87A94112026543700DDADCC /* Debug */,
				B87A94122026543700DDADCC /* Release */,
			);
			defaultConfigurationIsVisible = 0;
			defaultConfigurationName = Release;
		};
		B87A94132026543700DDADCC /* Build configuration list for PBXNativeTarget "tumblrFeedUITests" */ = {
			isa = XCConfigurationList;
			buildConfigurations = (
				B87A94142026543700DDADCC /* Debug */,
				B87A94152026543700DDADCC /* Release */,
			);
			defaultConfigurationIsVisible = 0;
			defaultConfigurationName = Release;
		};
/* End XCConfigurationList section */
	};
	rootObject = B87A93DD2026543700DDADCC /* Project object */;
}
